{
  "version": 4,
  "terraform_version": "1.15.4",
  "serial": 3,
  "lineage": "376eeccf-0af8-3169-44a7-66c9868e65c9",
  "outputs": {
    "ecr_repository_url": {
      "value": "517169952624.dkr.ecr.ap-south-1.amazonaws.com/deployment-platform-app",
      "type": "string"
    },
    "ecs_cluster_name": {
      "value": "deployment-platform-cluster",
      "type": "string"
    }
  },
  "resources": [
    {
      "mode": "managed",
      "type": "aws_ecr_repository",
      "name": "app",
      "provider": "provider[\"registry.terraform.io/hashicorp/aws\"]",
      "instances": [
        {
          "schema_version": 0,
          "attributes": {
            "arn": "arn:aws:ecr:ap-south-1:517169952624:repository/deployment-platform-app",
            "encryption_configuration": [
              {
                "encryption_type": "AES256",
                "kms_key": ""
              }
            ],
            "force_delete": null,
            "id": "deployment-platform-app",
            "image_scanning_configuration": [
              {
                "scan_on_push": true
              }
            ],
            "image_tag_mutability": "MUTABLE",
            "name": "deployment-platform-app",
            "registry_id": "517169952624",
            "repository_url": "517169952624.dkr.ecr.ap-south-1.amazonaws.com/deployment-platform-app",
            "tags": null,
            "tags_all": {},
            "timeouts": null
          },
          "sensitive_attributes": [],
          "identity_schema_version": 0,
          "private": "eyJlMmJmYjczMC1lY2FhLTExZTYtOGY4OC0zNDM2M2JjN2M0YzAiOnsiZGVsZXRlIjoxMjAwMDAwMDAwMDAwfX0="
        }
      ]
    },
    {
      "mode": "managed",
      "type": "aws_ecs_cluster",
      "name": "main",
      "provider": "provider[\"registry.terraform.io/hashicorp/aws\"]",
      "instances": [
        {
          "schema_version": 0,
          "attributes": {
            "arn": "arn:aws:ecs:ap-south-1:517169952624:cluster/deployment-platform-cluster",
            "configuration": [],
            "id": "arn:aws:ecs:ap-south-1:517169952624:cluster/deployment-platform-cluster",
            "name": "deployment-platform-cluster",
            "service_connect_defaults": [],
            "setting": [
              {
                "name": "containerInsights",
                "value": "disabled"
              }
            ],
            "tags": null,
            "tags_all": {}
          },
          "sensitive_attributes": [],
          "identity_schema_version": 0,
          "private": "bnVsbA=="
        }
      ]
    }
  ],
  "check_results": null
}
